
Microsoft Visual Studio Solution File, Format Version 12.00
# Visual Studio Version 17
VisualStudioVersion = 17.11.35017.193
MinimumVisualStudioVersion = 10.0.40219.1
Project("{FAE04EC0-301F-11D3-BF4B-00C04F79EFBC}") = "Seecrack", "Seecrack\Seecrack.csproj", "{170A6D9A-0B89-419A-A79C-7DD94BAC31BA}"
EndProject
Global
	GlobalSection(SolutionConfigurationPlatforms) = preSolution
		Debug|Any CPU = Debug|Any CPU
		Release|Any CPU = Release|Any CPU
	EndGlobalSection
	GlobalSection(ProjectConfigurationPlatforms) = postSolution
		{170A6D9A-0B89-419A-A79C-7DD94BAC31BA}.Debug|Any CPU.ActiveCfg = Debug|Any CPU
		{170A6D9A-0B89-419A-A79C-7DD94BAC31BA}.Debug|Any CPU.Build.0 = Debug|Any CPU
		{170A6D9A-0B89-419A-A79C-7DD94BAC31BA}.Release|Any CPU.ActiveCfg = Release|Any CPU
		{170A6D9A-0B89-419A-A79C-7DD94BAC31BA}.Release|Any CPU.Build.0 = Release|Any CPU
	EndGlobalSection
	GlobalSection(SolutionProperties) = preSolution
		HideSolutionNode = FALSE
	EndGlobalSection
	GlobalSection(ExtensibilityGlobals) = postSolution
		SolutionGuid = {DA159A62-AF16-4479-8473-2FA76712115F}
	EndGlobalSection
EndGlobal
